
Microsoft Visual Studio Solution File, Format Version 12.00
# Visual Studio Version 17
VisualStudioVersion = 17.10.35027.167
MinimumVisualStudioVersion = 10.0.40219.1
Project("{FAE04EC0-301F-11D3-BF4B-00C04F79EFBC}") = "CarLeasing.WebApp", "CarLeasing.WebApp\CarLeasing.WebApp.csproj", "{D31D0230-E83D-468A-AF9C-5F400DF23D8A}"
EndProject
Project("{E53339B2-1760-4266-BCC7-CA923CBCF16C}") = "docker-compose", "docker-compose.dcproj", "{1CFF8DB3-9EFA-46B4-8A3A-C34EC2B6FD75}"
EndProject
Project("{FAE04EC0-301F-11D3-BF4B-00C04F79EFBC}") = "CarLeasing.Data", "CarLeasing.Data\CarLeasing.Data.csproj", "{0E80A65A-8C9B-43CB-8523-0A29D6FF3D26}"
EndProject
Global
	GlobalSection(SolutionConfigurationPlatforms) = preSolution
		Debug|Any CPU = Debug|Any CPU
		Release|Any CPU = Release|Any CPU
	EndGlobalSection
	GlobalSection(ProjectConfigurationPlatforms) = postSolution
		{D31D0230-E83D-468A-AF9C-5F400DF23D8A}.Debug|Any CPU.ActiveCfg = Debug|Any CPU
		{D31D0230-E83D-468A-AF9C-5F400DF23D8A}.Debug|Any CPU.Build.0 = Debug|Any CPU
		{D31D0230-E83D-468A-AF9C-5F400DF23D8A}.Release|Any CPU.ActiveCfg = Release|Any CPU
		{D31D0230-E83D-468A-AF9C-5F400DF23D8A}.Release|Any CPU.Build.0 = Release|Any CPU
		{1CFF8DB3-9EFA-46B4-8A3A-C34EC2B6FD75}.Debug|Any CPU.ActiveCfg = Debug|Any CPU
		{1CFF8DB3-9EFA-46B4-8A3A-C34EC2B6FD75}.Debug|Any CPU.Build.0 = Debug|Any CPU
		{1CFF8DB3-9EFA-46B4-8A3A-C34EC2B6FD75}.Release|Any CPU.ActiveCfg = Release|Any CPU
		{1CFF8DB3-9EFA-46B4-8A3A-C34EC2B6FD75}.Release|Any CPU.Build.0 = Release|Any CPU
		{0E80A65A-8C9B-43CB-8523-0A29D6FF3D26}.Debug|Any CPU.ActiveCfg = Debug|Any CPU
		{0E80A65A-8C9B-43CB-8523-0A29D6FF3D26}.Debug|Any CPU.Build.0 = Debug|Any CPU
		{0E80A65A-8C9B-43CB-8523-0A29D6FF3D26}.Release|Any CPU.ActiveCfg = Release|Any CPU
		{0E80A65A-8C9B-43CB-8523-0A29D6FF3D26}.Release|Any CPU.Build.0 = Release|Any CPU
	EndGlobalSection
	GlobalSection(SolutionProperties) = preSolution
		HideSolutionNode = FALSE
	EndGlobalSection
	GlobalSection(ExtensibilityGlobals) = postSolution
		SolutionGuid = {D8FDDF7C-6EEB-4698-85E9-246B5F76C834}
	EndGlobalSection
EndGlobal
